// !$*UTF8*$!
{
	archiveVersion = 1;
	classes = {
	};
	objectVersion = 55;
	objects = {

/* Begin PBXBuildFile section */
		C015ADE82AAC55BB0082A7DA /* SearchCell.swift in Sources */ = {isa = PBXBuildFile; fileRef = C015ADE62AAC55BB0082A7DA /* SearchCell.swift */; };
		C015ADE92AAC55BB0082A7DA /* SearchCell.xib in Resources */ = {isa = PBXBuildFile; fileRef = C015ADE72AAC55BB0082A7DA /* SearchCell.xib */; };
		C018462427CFB1700035B3BF /* MovieInfoService.swift in Sources */ = {isa = PBXBuildFile; fileRef = C018462327CFB1700035B3BF /* MovieInfoService.swift */; };
		C018462E27D12DDD0035B3BF /* Endpoint.swift in Sources */ = {isa = PBXBuildFile; fileRef = C018462D27D12DDD0035B3BF /* Endpoint.swift */; };
		C018463027D12DF30035B3BF /* ImageService.swift in Sources */ = {isa = PBXBuildFile; fileRef = C018462F27D12DF30035B3BF /* ImageService.swift */; };
		C045393E27D510AF00DE3478 /* SearchViewController.swift in Sources */ = {isa = PBXBuildFile; fileRef = C045393D27D510AF00DE3478 /* SearchViewController.swift */; };
		C08C7DCE27CD36E2002A6E6C /* AppDelegate.swift in Sources */ = {isa = PBXBuildFile; fileRef = C08C7DCD27CD36E2002A6E6C /* AppDelegate.swift */; };
		C08C7DD027CD36E2002A6E6C /* SceneDelegate.swift in Sources */ = {isa = PBXBuildFile; fileRef = C08C7DCF27CD36E2002A6E6C /* SceneDelegate.swift */; };
		C08C7DD527CD36E2002A6E6C /* Main.storyboard in Resources */ = {isa = PBXBuildFile; fileRef = C08C7DD327CD36E2002A6E6C /* Main.storyboard */; };
		C08C7DD727CD36E3002A6E6C /* Assets.xcassets in Resources */ = {isa = PBXBuildFile; fileRef = C08C7DD627CD36E3002A6E6C /* Assets.xcassets */; };
		C08C7DDA27CD36E3002A6E6C /* LaunchScreen.storyboard in Resources */ = {isa = PBXBuildFile; fileRef = C08C7DD827CD36E3002A6E6C /* LaunchScreen.storyboard */; };
		C08C7DE427CD8922002A6E6C /* Movie.swift in Sources */ = {isa = PBXBuildFile; fileRef = C08C7DE327CD8922002A6E6C /* Movie.swift */; };
		C08C7DE627CD8C7F002A6E6C /* Genre.swift in Sources */ = {isa = PBXBuildFile; fileRef = C08C7DE527CD8C7F002A6E6C /* Genre.swift */; };
/* End PBXBuildFile section */

/* Begin PBXFileReference section */
		C015ADE62AAC55BB0082A7DA /* SearchCell.swift */ = {isa = PBXFileReference; lastKnownFileType = sourcecode.swift; path = SearchCell.swift; sourceTree = "<group>"; };
		C015ADE72AAC55BB0082A7DA /* SearchCell.xib */ = {isa = PBXFileReference; lastKnownFileType = file.xib; path = SearchCell.xib; sourceTree = "<group>"; };
		C018462327CFB1700035B3BF /* MovieInfoService.swift */ = {isa = PBXFileReference; lastKnownFileType = sourcecode.swift; path = MovieInfoService.swift; sourceTree = "<group>"; };
		C018462D27D12DDD0035B3BF /* Endpoint.swift */ = {isa = PBXFileReference; lastKnownFileType = sourcecode.swift; path = Endpoint.swift; sourceTree = "<group>"; };
		C018462F27D12DF30035B3BF /* ImageService.swift */ = {isa = PBXFileReference; lastKnownFileType = sourcecode.swift; path = ImageService.swift; sourceTree = "<group>"; };
		C045393D27D510AF00DE3478 /* SearchViewController.swift */ = {isa = PBXFileReference; lastKnownFileType = sourcecode.swift; path = SearchViewController.swift; sourceTree = "<group>"; };
		C08C7DCA27CD36E2002A6E6C /* Watchlist.app */ = {isa = PBXFileReference; explicitFileType = wrapper.application; includeInIndex = 0; path = Watchlist.app; sourceTree = BUILT_PRODUCTS_DIR; };
		C08C7DCD27CD36E2002A6E6C /* AppDelegate.swift */ = {isa = PBXFileReference; lastKnownFileType = sourcecode.swift; path = AppDelegate.swift; sourceTree = "<group>"; };
		C08C7DCF27CD36E2002A6E6C /* SceneDelegate.swift */ = {isa = PBXFileReference; lastKnownFileType = sourcecode.swift; path = SceneDelegate.swift; sourceTree = "<group>"; };
		C08C7DD427CD36E2002A6E6C /* Base */ = {isa = PBXFileReference; lastKnownFileType = file.storyboard; name = Base; path = Base.lproj/Main.storyboard; sourceTree = "<group>"; };
		C08C7DD627CD36E3002A6E6C /* Assets.xcassets */ = {isa = PBXFileReference; lastKnownFileType = folder.assetcatalog; path = Assets.xcassets; sourceTree = "<group>"; };
		C08C7DD927CD36E3002A6E6C /* Base */ = {isa = PBXFileReference; lastKnownFileType = file.storyboard; name = Base; path = Base.lproj/LaunchScreen.storyboard; sourceTree = "<group>"; };
		C08C7DDB27CD36E3002A6E6C /* Info.plist */ = {isa = PBXFileReference; lastKnownFileType = text.plist.xml; path = Info.plist; sourceTree = "<group>"; };
		C08C7DE327CD8922002A6E6C /* Movie.swift */ = {isa = PBXFileReference; lastKnownFileType = sourcecode.swift; path = Movie.swift; sourceTree = "<group>"; };
		C08C7DE527CD8C7F002A6E6C /* Genre.swift */ = {isa = PBXFileReference; lastKnownFileType = sourcecode.swift; path = Genre.swift; sourceTree = "<group>"; };
/* End PBXFileReference section */

/* Begin PBXFrameworksBuildPhase section */
		C08C7DC727CD36E2002A6E6C /* Frameworks */ = {
			isa = PBXFrameworksBuildPhase;
			buildActionMask = 2147483647;
			files = (
			);
			runOnlyForDeploymentPostprocessing = 0;
		};
/* End PBXFrameworksBuildPhase section */

/* Begin PBXGroup section */
		C018462227CF868E0035B3BF /* Services */ = {
			isa = PBXGroup;
			children = (
				C018462D27D12DDD0035B3BF /* Endpoint.swift */,
				C018462F27D12DF30035B3BF /* ImageService.swift */,
				C018462327CFB1700035B3BF /* MovieInfoService.swift */,
			);
			path = Services;
			sourceTree = "<group>";
		};
		C045393C27D5108900DE3478 /* Controllers */ = {
			isa = PBXGroup;
			children = (
				C045393D27D510AF00DE3478 /* SearchViewController.swift */,
			);
			path = Controllers;
			sourceTree = "<group>";
		};
		C08C7DC127CD36E2002A6E6C = {
			isa = PBXGroup;
			children = (
				C08C7DCC27CD36E2002A6E6C /* Watchlist */,
				C08C7DCB27CD36E2002A6E6C /* Products */,
			);
			sourceTree = "<group>";
		};
		C08C7DCB27CD36E2002A6E6C /* Products */ = {
			isa = PBXGroup;
			children = (
				C08C7DCA27CD36E2002A6E6C /* Watchlist.app */,
			);
			name = Products;
			sourceTree = "<group>";
		};
		C08C7DCC27CD36E2002A6E6C /* Watchlist */ = {
			isa = PBXGroup;
			children = (
				C08C7DCD27CD36E2002A6E6C /* AppDelegate.swift */,
				C08C7DCF27CD36E2002A6E6C /* SceneDelegate.swift */,
				C08C7DD827CD36E3002A6E6C /* LaunchScreen.storyboard */,
				C08C7DE227CD88FC002A6E6C /* Models */,
				C0F3A40F2AAC929900EFB94E /* Views */,
				C045393C27D5108900DE3478 /* Controllers */,
				C018462227CF868E0035B3BF /* Services */,
				C08C7DD627CD36E3002A6E6C /* Assets.xcassets */,
				C08C7DDB27CD36E3002A6E6C /* Info.plist */,
			);
			path = Watchlist;
			sourceTree = "<group>";
		};
		C08C7DE227CD88FC002A6E6C /* Models */ = {
			isa = PBXGroup;
			children = (
				C08C7DE527CD8C7F002A6E6C /* Genre.swift */,
				C08C7DE327CD8922002A6E6C /* Movie.swift */,
			);
			path = Models;
			sourceTree = "<group>";
		};
		C0F3A40F2AAC929900EFB94E /* Views */ = {
			isa = PBXGroup;
			children = (
				C08C7DD327CD36E2002A6E6C /* Main.storyboard */,
				C015ADE62AAC55BB0082A7DA /* SearchCell.swift */,
				C015ADE72AAC55BB0082A7DA /* SearchCell.xib */,
			);
			path = Views;
			sourceTree = "<group>";
		};
/* End PBXGroup section */

/* Begin PBXNativeTarget section */
		C08C7DC927CD36E2002A6E6C /* Watchlist */ = {
			isa = PBXNativeTarget;
			buildConfigurationList = C08C7DDE27CD36E3002A6E6C /* Build configuration list for PBXNativeTarget "Watchlist" */;
			buildPhases = (
				C08C7DC627CD36E2002A6E6C /* Sources */,
				C08C7DC727CD36E2002A6E6C /* Frameworks */,
				C08C7DC827CD36E2002A6E6C /* Resources */,
			);
			buildRules = (
			);
			dependencies = (
			);
			name = Watchlist;
			productName = Watchlist;
			productReference = C08C7DCA27CD36E2002A6E6C /* Watchlist.app */;
			productType = "com.apple.product-type.application";
		};
/* End PBXNativeTarget section */

/* Begin PBXProject section */
		C08C7DC227CD36E2002A6E6C /* Project object */ = {
			isa = PBXProject;
			attributes = {
				BuildIndependentTargetsInParallel = 1;
				LastSwiftUpdateCheck = 1320;
				LastUpgradeCheck = 1320;
				TargetAttributes = {
					C08C7DC927CD36E2002A6E6C = {
						CreatedOnToolsVersion = 13.2.1;
					};
				};
			};
			buildConfigurationList = C08C7DC527CD36E2002A6E6C /* Build configuration list for PBXProject "Watchlist" */;
			compatibilityVersion = "Xcode 13.0";
			developmentRegion = en;
			hasScannedForEncodings = 0;
			knownRegions = (
				en,
				Base,
			);
			mainGroup = C08C7DC127CD36E2002A6E6C;
			productRefGroup = C08C7DCB27CD36E2002A6E6C /* Products */;
			projectDirPath = "";
			projectRoot = "";
			targets = (
				C08C7DC927CD36E2002A6E6C /* Watchlist */,
			);
		};
/* End PBXProject section */

/* Begin PBXResourcesBuildPhase section */
		C08C7DC827CD36E2002A6E6C /* Resources */ = {
			isa = PBXResourcesBuildPhase;
			buildActionMask = 2147483647;
			files = (
				C08C7DDA27CD36E3002A6E6C /* LaunchScreen.storyboard in Resources */,
				C015ADE92AAC55BB0082A7DA /* SearchCell.xib in Resources */,
				C08C7DD727CD36E3002A6E6C /* Assets.xcassets in Resources */,
				C08C7DD527CD36E2002A6E6C /* Main.storyboard in Resources */,
			);
			runOnlyForDeploymentPostprocessing = 0;
		};
/* End PBXResourcesBuildPhase section */

/* Begin PBXSourcesBuildPhase section */
		C08C7DC627CD36E2002A6E6C /* Sources */ = {
			isa = PBXSourcesBuildPhase;
			buildActionMask = 2147483647;
			files = (
				C08C7DCE27CD36E2002A6E6C /* AppDelegate.swift in Sources */,
				C015ADE82AAC55BB0082A7DA /* SearchCell.swift in Sources */,
				C018462427CFB1700035B3BF /* MovieInfoService.swift in Sources */,
				C045393E27D510AF00DE3478 /* SearchViewController.swift in Sources */,
				C08C7DD027CD36E2002A6E6C /* SceneDelegate.swift in Sources */,
				C08C7DE427CD8922002A6E6C /* Movie.swift in Sources */,
				C018462E27D12DDD0035B3BF /* Endpoint.swift in Sources */,
				C08C7DE627CD8C7F002A6E6C /* Genre.swift in Sources */,
				C018463027D12DF30035B3BF /* ImageService.swift in Sources */,
			);
			runOnlyForDeploymentPostprocessing = 0;
		};
/* End PBXSourcesBuildPhase section */

/* Begin PBXVariantGroup section */
		C08C7DD327CD36E2002A6E6C /* Main.storyboard */ = {
			isa = PBXVariantGroup;
			children = (
				C08C7DD427CD36E2002A6E6C /* Base */,
			);
			name = Main.storyboard;
			sourceTree = "<group>";
		};
		C08C7DD827CD36E3002A6E6C /* LaunchScreen.storyboard */ = {
			isa = PBXVariantGroup;
			children = (
				C08C7DD927CD36E3002A6E6C /* Base */,
			);
			name = LaunchScreen.storyboard;
			sourceTree = "<group>";
		};
/* End PBXVariantGroup section */

/* Begin XCBuildConfiguration section */
		C08C7DDC27CD36E3002A6E6C /* Debug */ = {
			isa = XCBuildConfiguration;
			buildSettings = {
				ALWAYS_SEARCH_USER_PATHS = NO;
				CLANG_ANALYZER_NONNULL = YES;
				CLANG_ANALYZER_NUMBER_OBJECT_CONVERSION = YES_AGGRESSIVE;
				CLANG_CXX_LANGUAGE_STANDARD = "gnu++17";
				CLANG_CXX_LIBRARY = "libc++";
				CLANG_ENABLE_MODULES = YES;
				CLANG_ENABLE_OBJC_ARC = YES;
				CLANG_ENABLE_OBJC_WEAK = YES;
				CLANG_WARN_BLOCK_CAPTURE_AUTORELEASING = YES;
				CLANG_WARN_BOOL_CONVERSION = YES;
				CLANG_WARN_COMMA = YES;
				CLANG_WARN_CONSTANT_CONVERSION = YES;
				CLANG_WARN_DEPRECATED_OBJC_IMPLEMENTATIONS = YES;
				CLANG_WARN_DIRECT_OBJC_ISA_USAGE = YES_ERROR;
				CLANG_WARN_DOCUMENTATION_COMMENTS = YES;
				CLANG_WARN_EMPTY_BODY = YES;
				CLANG_WARN_ENUM_CONVERSION = YES;
				CLANG_WARN_INFINITE_RECURSION = YES;
				CLANG_WARN_INT_CONVERSION = YES;
				CLANG_WARN_NON_LITERAL_NULL_CONVERSION = YES;
				CLANG_WARN_OBJC_IMPLICIT_RETAIN_SELF = YES;
				CLANG_WARN_OBJC_LITERAL_CONVERSION = YES;
				CLANG_WARN_OBJC_ROOT_CLASS = YES_ERROR;
				CLANG_WARN_QUOTED_INCLUDE_IN_FRAMEWORK_HEADER = YES;
				CLANG_WARN_RANGE_LOOP_ANALYSIS = YES;
				CLANG_WARN_STRICT_PROTOTYPES = YES;
				CLANG_WARN_SUSPICIOUS_MOVE = YES;
				CLANG_WARN_UNGUARDED_AVAILABILITY = YES_AGGRESSIVE;
				CLANG_WARN_UNREACHABLE_CODE = YES;
				CLANG_WARN__DUPLICATE_METHOD_MATCH = YES;
				COPY_PHASE_STRIP = NO;
				DEBUG_INFORMATION_FORMAT = dwarf;
				ENABLE_STRICT_OBJC_MSGSEND = YES;
				ENABLE_TESTABILITY = YES;
				GCC_C_LANGUAGE_STANDARD = gnu11;
				GCC_DYNAMIC_NO_PIC = NO;
				GCC_NO_COMMON_BLOCKS = YES;
				GCC_OPTIMIZATION_LEVEL = 0;
				GCC_PREPROCESSOR_DEFINITIONS = (
					"DEBUG=1",
					"$(inherited)",
				);
				GCC_WARN_64_TO_32_BIT_CONVERSION = YES;
				GCC_WARN_ABOUT_RETURN_TYPE = YES_ERROR;
				GCC_WARN_UNDECLARED_SELECTOR = YES;
				GCC_WARN_UNINITIALIZED_AUTOS = YES_AGGRESSIVE;
				GCC_WARN_UNUSED_FUNCTION = YES;
				GCC_WARN_UNUSED_VARIABLE = YES;
				IPHONEOS_DEPLOYMENT_TARGET = 15.2;
				MTL_ENABLE_DEBUG_INFO = INCLUDE_SOURCE;
				MTL_FAST_MATH = YES;
				ONLY_ACTIVE_ARCH = YES;
				SDKROOT = iphoneos;
				SWIFT_ACTIVE_COMPILATION_CONDITIONS = DEBUG;
				SWIFT_OPTIMIZATION_LEVEL = "-Onone";
			};
			name = Debug;
		};
		C08C7DDD27CD36E3002A6E6C /* Release */ = {
			isa = XCBuildConfiguration;
			buildSettings = {
				ALWAYS_SEARCH_USER_PATHS = NO;
				CLANG_ANALYZER_NONNULL = YES;
				CLANG_ANALYZER_NUMBER_OBJECT_CONVERSION = YES_AGGRESSIVE;
				CLANG_CXX_LANGUAGE_STANDARD = "gnu++17";
				CLANG_CXX_LIBRARY = "libc++";
				CLANG_ENABLE_MODULES = YES;
				CLANG_ENABLE_OBJC_ARC = YES;
				CLANG_ENABLE_OBJC_WEAK = YES;
				CLANG_WARN_BLOCK_CAPTURE_AUTORELEASING = YES;
				CLANG_WARN_BOOL_CONVERSION = YES;
				CLANG_WARN_COMMA = YES;
				CLANG_WARN_CONSTANT_CONVERSION = YES;
				CLANG_WARN_DEPRECATED_OBJC_IMPLEMENTATIONS = YES;
				CLANG_WARN_DIRECT_OBJC_ISA_USAGE = YES_ERROR;
				CLANG_WARN_DOCUMENTATION_COMMENTS = YES;
				CLANG_WARN_EMPTY_BODY = YES;
				CLANG_WARN_ENUM_CONVERSION = YES;
				CLANG_WARN_INFINITE_RECURSION = YES;
				CLANG_WARN_INT_CONVERSION = YES;
				CLANG_WARN_NON_LITERAL_NULL_CONVERSION = YES;
				CLANG_WARN_OBJC_IMPLICIT_RETAIN_SELF = YES;
				CLANG_WARN_OBJC_LITERAL_CONVERSION = YES;
				CLANG_WARN_OBJC_ROOT_CLASS = YES_ERROR;
				CLANG_WARN_QUOTED_INCLUDE_IN_FRAMEWORK_HEADER = YES;
				CLANG_WARN_RANGE_LOOP_ANALYSIS = YES;
				CLANG_WARN_STRICT_PROTOTYPES = YES;
				CLANG_WARN_SUSPICIOUS_MOVE = YES;
				CLANG_WARN_UNGUARDED_AVAILABILITY = YES_AGGRESSIVE;
				CLANG_WARN_UNREACHABLE_CODE = YES;
				CLANG_WARN__DUPLICATE_METHOD_MATCH = YES;
				COPY_PHASE_STRIP = NO;
				DEBUG_INFORMATION_FORMAT = "dwarf-with-dsym";
				ENABLE_NS_ASSERTIONS = NO;
				ENABLE_STRICT_OBJC_MSGSEND = YES;
				GCC_C_LANGUAGE_STANDARD = gnu11;
				GCC_NO_COMMON_BLOCKS = YES;
				GCC_WARN_64_TO_32_BIT_CONVERSION = YES;
				GCC_WARN_ABOUT_RETURN_TYPE = YES_ERROR;
				GCC_WARN_UNDECLARED_SELECTOR = YES;
				GCC_WARN_UNINITIALIZED_AUTOS = YES_AGGRESSIVE;
				GCC_WARN_UNUSED_FUNCTION = YES;
				GCC_WARN_UNUSED_VARIABLE = YES;
				IPHONEOS_DEPLOYMENT_TARGET = 15.2;
				MTL_ENABLE_DEBUG_INFO = NO;
				MTL_FAST_MATH = YES;
				SDKROOT = iphoneos;
				SWIFT_COMPILATION_MODE = wholemodule;
				SWIFT_OPTIMIZATION_LEVEL = "-O";
				VALIDATE_PRODUCT = YES;
			};
			name = Release;
		};
		C08C7DDF27CD36E3002A6E6C /* Debug */ = {
			isa = XCBuildConfiguration;
			buildSettings = {
				ASSETCATALOG_COMPILER_APPICON_NAME = AppIcon;
				ASSETCATALOG_COMPILER_GLOBAL_ACCENT_COLOR_NAME = AccentColor;
				CODE_SIGN_STYLE = Automatic;
				CURRENT_PROJECT_VERSION = 1;
				DEVELOPMENT_TEAM = 2F3A9Y3XXN;
				GENERATE_INFOPLIST_FILE = YES;
				INFOPLIST_FILE = Watchlist/Info.plist;
				INFOPLIST_KEY_UIApplicationSupportsIndirectInputEvents = YES;
				INFOPLIST_KEY_UILaunchStoryboardName = LaunchScreen;
				INFOPLIST_KEY_UIMainStoryboardFile = Main;
				INFOPLIST_KEY_UISupportedInterfaceOrientations_iPad = "UIInterfaceOrientationPortrait UIInterfaceOrientationPortraitUpsideDown UIInterfaceOrientationLandscapeLeft UIInterfaceOrientationLandscapeRight";
				INFOPLIST_KEY_UISupportedInterfaceOrientations_iPhone = "UIInterfaceOrientationPortrait UIInterfaceOrientationLandscapeLeft UIInterfaceOrientationLandscapeRight";
				LD_RUNPATH_SEARCH_PATHS = (
					"$(inherited)",
					"@executable_path/Frameworks",
				);
				MARKETING_VERSION = 1.0;
				PRODUCT_BUNDLE_IDENTIFIER = bg.kaloyandimov.Watchlist;
				PRODUCT_NAME = "$(TARGET_NAME)";
				SWIFT_EMIT_LOC_STRINGS = YES;
				SWIFT_VERSION = 5.0;
				TARGETED_DEVICE_FAMILY = "1,2";
			};
			name = Debug;
		};
		C08C7DE027CD36E3002A6E6C /* Release */ = {
			isa = XCBuildConfiguration;
			buildSettings = {
				ASSETCATALOG_COMPILER_APPICON_NAME = AppIcon;
				ASSETCATALOG_COMPILER_GLOBAL_ACCENT_COLOR_NAME = AccentColor;
				CODE_SIGN_STYLE = Automatic;
				CURRENT_PROJECT_VERSION = 1;
				DEVELOPMENT_TEAM = 2F3A9Y3XXN;
				GENERATE_INFOPLIST_FILE = YES;
				INFOPLIST_FILE = Watchlist/Info.plist;
				INFOPLIST_KEY_UIApplicationSupportsIndirectInputEvents = YES;
				INFOPLIST_KEY_UILaunchStoryboardName = LaunchScreen;
				INFOPLIST_KEY_UIMainStoryboardFile = Main;
				INFOPLIST_KEY_UISupportedInterfaceOrientations_iPad = "UIInterfaceOrientationPortrait UIInterfaceOrientationPortraitUpsideDown UIInterfaceOrientationLandscapeLeft UIInterfaceOrientationLandscapeRight";
				INFOPLIST_KEY_UISupportedInterfaceOrientations_iPhone = "UIInterfaceOrientationPortrait UIInterfaceOrientationLandscapeLeft UIInterfaceOrientationLandscapeRight";
				LD_RUNPATH_SEARCH_PATHS = (
					"$(inherited)",
					"@executable_path/Frameworks",
				);
				MARKETING_VERSION = 1.0;
				PRODUCT_BUNDLE_IDENTIFIER = bg.kaloyandimov.Watchlist;
				PRODUCT_NAME = "$(TARGET_NAME)";
				SWIFT_EMIT_LOC_STRINGS = YES;
				SWIFT_VERSION = 5.0;
				TARGETED_DEVICE_FAMILY = "1,2";
			};
			name = Release;
		};
/* End XCBuildConfiguration section */

/* Begin XCConfigurationList section */
		C08C7DC527CD36E2002A6E6C /* Build configuration list for PBXProject "Watchlist" */ = {
			isa = XCConfigurationList;
			buildConfigurations = (
				C08C7DDC27CD36E3002A6E6C /* Debug */,
				C08C7DDD27CD36E3002A6E6C /* Release */,
			);
			defaultConfigurationIsVisible = 0;
			defaultConfigurationName = Release;
		};
		C08C7DDE27CD36E3002A6E6C /* Build configuration list for PBXNativeTarget "Watchlist" */ = {
			isa = XCConfigurationList;
			buildConfigurations = (
				C08C7DDF27CD36E3002A6E6C /* Debug */,
				C08C7DE027CD36E3002A6E6C /* Release */,
			);
			defaultConfigurationIsVisible = 0;
			defaultConfigurationName = Release;
		};
/* End XCConfigurationList section */
	};
	rootObject = C08C7DC227CD36E2002A6E6C /* Project object */;
}
