// !$*UTF8*$!
{
	archiveVersion = 1;
	classes = {
	};
	objectVersion = 56;
	objects = {

/* Begin PBXBuildFile section */
		C009BC3D2E14781E00F7AF55 /* AppDelegate.swift in Sources */ = {isa = PBXBuildFile; fileRef = C009BC3C2E14781E00F7AF55 /* AppDelegate.swift */; };
		C009BC3F2E14781E00F7AF55 /* SceneDelegate.swift in Sources */ = {isa = PBXBuildFile; fileRef = C009BC3E2E14781E00F7AF55 /* SceneDelegate.swift */; };
		C009BC462E14781F00F7AF55 /* Assets.xcassets in Resources */ = {isa = PBXBuildFile; fileRef = C009BC452E14781F00F7AF55 /* Assets.xcassets */; };
		C009BC492E14781F00F7AF55 /* LaunchScreen.storyboard in Resources */ = {isa = PBXBuildFile; fileRef = C009BC472E14781F00F7AF55 /* LaunchScreen.storyboard */; };
		C009BC542E147F4400F7AF55 /* SearchViewController.swift in Sources */ = {isa = PBXBuildFile; fileRef = C009BC532E147F4400F7AF55 /* SearchViewController.swift */; };
		C009BC562E14891F00F7AF55 /* Movie.swift in Sources */ = {isa = PBXBuildFile; fileRef = C009BC552E14891F00F7AF55 /* Movie.swift */; };
		C009BC592E148A0F00F7AF55 /* Genre.swift in Sources */ = {isa = PBXBuildFile; fileRef = C009BC582E148A0F00F7AF55 /* Genre.swift */; };
		C009BC5D2E14929600F7AF55 /* Endpoint.swift in Sources */ = {isa = PBXBuildFile; fileRef = C009BC5C2E14929600F7AF55 /* Endpoint.swift */; };
		C009BC5F2E14964500F7AF55 /* MovieService.swift in Sources */ = {isa = PBXBuildFile; fileRef = C009BC5E2E14964500F7AF55 /* MovieService.swift */; };
		C009BC622E149D7F00F7AF55 /* SearchCell.swift in Sources */ = {isa = PBXBuildFile; fileRef = C009BC612E149D7F00F7AF55 /* SearchCell.swift */; };
/* End PBXBuildFile section */

/* Begin PBXFileReference section */
		C009BC392E14781E00F7AF55 /* Watchlist.app */ = {isa = PBXFileReference; explicitFileType = wrapper.application; includeInIndex = 0; path = Watchlist.app; sourceTree = BUILT_PRODUCTS_DIR; };
		C009BC3C2E14781E00F7AF55 /* AppDelegate.swift */ = {isa = PBXFileReference; lastKnownFileType = sourcecode.swift; path = AppDelegate.swift; sourceTree = "<group>"; };
		C009BC3E2E14781E00F7AF55 /* SceneDelegate.swift */ = {isa = PBXFileReference; lastKnownFileType = sourcecode.swift; path = SceneDelegate.swift; sourceTree = "<group>"; };
		C009BC452E14781F00F7AF55 /* Assets.xcassets */ = {isa = PBXFileReference; lastKnownFileType = folder.assetcatalog; path = Assets.xcassets; sourceTree = "<group>"; };
		C009BC482E14781F00F7AF55 /* Base */ = {isa = PBXFileReference; lastKnownFileType = file.storyboard; name = Base; path = Base.lproj/LaunchScreen.storyboard; sourceTree = "<group>"; };
		C009BC4A2E14781F00F7AF55 /* Info.plist */ = {isa = PBXFileReference; lastKnownFileType = text.plist.xml; path = Info.plist; sourceTree = "<group>"; };
		C009BC532E147F4400F7AF55 /* SearchViewController.swift */ = {isa = PBXFileReference; lastKnownFileType = sourcecode.swift; path = SearchViewController.swift; sourceTree = "<group>"; };
		C009BC552E14891F00F7AF55 /* Movie.swift */ = {isa = PBXFileReference; lastKnownFileType = sourcecode.swift; path = Movie.swift; sourceTree = "<group>"; };
		C009BC582E148A0F00F7AF55 /* Genre.swift */ = {isa = PBXFileReference; lastKnownFileType = sourcecode.swift; path = Genre.swift; sourceTree = "<group>"; };
		C009BC5C2E14929600F7AF55 /* Endpoint.swift */ = {isa = PBXFileReference; lastKnownFileType = sourcecode.swift; path = Endpoint.swift; sourceTree = "<group>"; };
		C009BC5E2E14964500F7AF55 /* MovieService.swift */ = {isa = PBXFileReference; lastKnownFileType = sourcecode.swift; path = MovieService.swift; sourceTree = "<group>"; };
		C009BC612E149D7F00F7AF55 /* SearchCell.swift */ = {isa = PBXFileReference; lastKnownFileType = sourcecode.swift; path = SearchCell.swift; sourceTree = "<group>"; };
/* End PBXFileReference section */

/* Begin PBXFrameworksBuildPhase section */
		C009BC362E14781E00F7AF55 /* Frameworks */ = {
			isa = PBXFrameworksBuildPhase;
			buildActionMask = 2147483647;
			files = (
			);
			runOnlyForDeploymentPostprocessing = 0;
		};
/* End PBXFrameworksBuildPhase section */

/* Begin PBXGroup section */
		C009BC302E14781D00F7AF55 = {
			isa = PBXGroup;
			children = (
				C009BC3B2E14781E00F7AF55 /* Watchlist */,
				C009BC3A2E14781E00F7AF55 /* Products */,
			);
			sourceTree = "<group>";
		};
		C009BC3A2E14781E00F7AF55 /* Products */ = {
			isa = PBXGroup;
			children = (
				C009BC392E14781E00F7AF55 /* Watchlist.app */,
			);
			name = Products;
			sourceTree = "<group>";
		};
		C009BC3B2E14781E00F7AF55 /* Watchlist */ = {
			isa = PBXGroup;
			children = (
				C009BC4A2E14781F00F7AF55 /* Info.plist */,
				C009BC452E14781F00F7AF55 /* Assets.xcassets */,
				C009BC472E14781F00F7AF55 /* LaunchScreen.storyboard */,
				C009BC3C2E14781E00F7AF55 /* AppDelegate.swift */,
				C009BC3E2E14781E00F7AF55 /* SceneDelegate.swift */,
				C009BC572E14892700F7AF55 /* Models */,
				C009BC602E149CF900F7AF55 /* Views */,
				C009BC5B2E1491BB00F7AF55 /* Controllers */,
				C009BC5A2E14909D00F7AF55 /* Networking */,
			);
			path = Watchlist;
			sourceTree = "<group>";
		};
		C009BC572E14892700F7AF55 /* Models */ = {
			isa = PBXGroup;
			children = (
				C009BC582E148A0F00F7AF55 /* Genre.swift */,
				C009BC552E14891F00F7AF55 /* Movie.swift */,
			);
			path = Models;
			sourceTree = "<group>";
		};
		C009BC5A2E14909D00F7AF55 /* Networking */ = {
			isa = PBXGroup;
			children = (
				C009BC5C2E14929600F7AF55 /* Endpoint.swift */,
				C009BC5E2E14964500F7AF55 /* MovieService.swift */,
			);
			path = Networking;
			sourceTree = "<group>";
		};
		C009BC5B2E1491BB00F7AF55 /* Controllers */ = {
			isa = PBXGroup;
			children = (
				C009BC532E147F4400F7AF55 /* SearchViewController.swift */,
			);
			path = Controllers;
			sourceTree = "<group>";
		};
		C009BC602E149CF900F7AF55 /* Views */ = {
			isa = PBXGroup;
			children = (
				C009BC612E149D7F00F7AF55 /* SearchCell.swift */,
			);
			path = Views;
			sourceTree = "<group>";
		};
/* End PBXGroup section */

/* Begin PBXNativeTarget section */
		C009BC382E14781E00F7AF55 /* Watchlist */ = {
			isa = PBXNativeTarget;
			buildConfigurationList = C009BC4D2E14781F00F7AF55 /* Build configuration list for PBXNativeTarget "Watchlist" */;
			buildPhases = (
				C009BC352E14781E00F7AF55 /* Sources */,
				C009BC362E14781E00F7AF55 /* Frameworks */,
				C009BC372E14781E00F7AF55 /* Resources */,
			);
			buildRules = (
			);
			dependencies = (
			);
			name = Watchlist;
			productName = Watchlist;
			productReference = C009BC392E14781E00F7AF55 /* Watchlist.app */;
			productType = "com.apple.product-type.application";
		};
/* End PBXNativeTarget section */

/* Begin PBXProject section */
		C009BC312E14781D00F7AF55 /* Project object */ = {
			isa = PBXProject;
			attributes = {
				BuildIndependentTargetsInParallel = 1;
				LastSwiftUpdateCheck = 1520;
				LastUpgradeCheck = 1520;
				TargetAttributes = {
					C009BC382E14781E00F7AF55 = {
						CreatedOnToolsVersion = 15.2;
					};
				};
			};
			buildConfigurationList = C009BC342E14781D00F7AF55 /* Build configuration list for PBXProject "Watchlist" */;
			compatibilityVersion = "Xcode 14.0";
			developmentRegion = en;
			hasScannedForEncodings = 0;
			knownRegions = (
				en,
				Base,
			);
			mainGroup = C009BC302E14781D00F7AF55;
			productRefGroup = C009BC3A2E14781E00F7AF55 /* Products */;
			projectDirPath = "";
			projectRoot = "";
			targets = (
				C009BC382E14781E00F7AF55 /* Watchlist */,
			);
		};
/* End PBXProject section */

/* Begin PBXResourcesBuildPhase section */
		C009BC372E14781E00F7AF55 /* Resources */ = {
			isa = PBXResourcesBuildPhase;
			buildActionMask = 2147483647;
			files = (
				C009BC492E14781F00F7AF55 /* LaunchScreen.storyboard in Resources */,
				C009BC462E14781F00F7AF55 /* Assets.xcassets in Resources */,
			);
			runOnlyForDeploymentPostprocessing = 0;
		};
/* End PBXResourcesBuildPhase section */

/* Begin PBXSourcesBuildPhase section */
		C009BC352E14781E00F7AF55 /* Sources */ = {
			isa = PBXSourcesBuildPhase;
			buildActionMask = 2147483647;
			files = (
				C009BC542E147F4400F7AF55 /* SearchViewController.swift in Sources */,
				C009BC622E149D7F00F7AF55 /* SearchCell.swift in Sources */,
				C009BC3D2E14781E00F7AF55 /* AppDelegate.swift in Sources */,
				C009BC562E14891F00F7AF55 /* Movie.swift in Sources */,
				C009BC3F2E14781E00F7AF55 /* SceneDelegate.swift in Sources */,
				C009BC5D2E14929600F7AF55 /* Endpoint.swift in Sources */,
				C009BC592E148A0F00F7AF55 /* Genre.swift in Sources */,
				C009BC5F2E14964500F7AF55 /* MovieService.swift in Sources */,
			);
			runOnlyForDeploymentPostprocessing = 0;
		};
/* End PBXSourcesBuildPhase section */

/* Begin PBXVariantGroup section */
		C009BC472E14781F00F7AF55 /* LaunchScreen.storyboard */ = {
			isa = PBXVariantGroup;
			children = (
				C009BC482E14781F00F7AF55 /* Base */,
			);
			name = LaunchScreen.storyboard;
			sourceTree = "<group>";
		};
/* End PBXVariantGroup section */

/* Begin XCBuildConfiguration section */
		C009BC4B2E14781F00F7AF55 /* Debug */ = {
			isa = XCBuildConfiguration;
			buildSettings = {
				ALWAYS_SEARCH_USER_PATHS = NO;
				ASSETCATALOG_COMPILER_GENERATE_SWIFT_ASSET_SYMBOL_EXTENSIONS = YES;
				CLANG_ANALYZER_NONNULL = YES;
				CLANG_ANALYZER_NUMBER_OBJECT_CONVERSION = YES_AGGRESSIVE;
				CLANG_CXX_LANGUAGE_STANDARD = "gnu++20";
				CLANG_ENABLE_MODULES = YES;
				CLANG_ENABLE_OBJC_ARC = YES;
				CLANG_ENABLE_OBJC_WEAK = YES;
				CLANG_WARN_BLOCK_CAPTURE_AUTORELEASING = YES;
				CLANG_WARN_BOOL_CONVERSION = YES;
				CLANG_WARN_COMMA = YES;
				CLANG_WARN_CONSTANT_CONVERSION = YES;
				CLANG_WARN_DEPRECATED_OBJC_IMPLEMENTATIONS = YES;
				CLANG_WARN_DIRECT_OBJC_ISA_USAGE = YES_ERROR;
				CLANG_WARN_DOCUMENTATION_COMMENTS = YES;
				CLANG_WARN_EMPTY_BODY = YES;
				CLANG_WARN_ENUM_CONVERSION = YES;
				CLANG_WARN_INFINITE_RECURSION = YES;
				CLANG_WARN_INT_CONVERSION = YES;
				CLANG_WARN_NON_LITERAL_NULL_CONVERSION = YES;
				CLANG_WARN_OBJC_IMPLICIT_RETAIN_SELF = YES;
				CLANG_WARN_OBJC_LITERAL_CONVERSION = YES;
				CLANG_WARN_OBJC_ROOT_CLASS = YES_ERROR;
				CLANG_WARN_QUOTED_INCLUDE_IN_FRAMEWORK_HEADER = YES;
				CLANG_WARN_RANGE_LOOP_ANALYSIS = YES;
				CLANG_WARN_STRICT_PROTOTYPES = YES;
				CLANG_WARN_SUSPICIOUS_MOVE = YES;
				CLANG_WARN_UNGUARDED_AVAILABILITY = YES_AGGRESSIVE;
				CLANG_WARN_UNREACHABLE_CODE = YES;
				CLANG_WARN__DUPLICATE_METHOD_MATCH = YES;
				COPY_PHASE_STRIP = NO;
				DEBUG_INFORMATION_FORMAT = dwarf;
				ENABLE_STRICT_OBJC_MSGSEND = YES;
				ENABLE_TESTABILITY = YES;
				ENABLE_USER_SCRIPT_SANDBOXING = YES;
				GCC_C_LANGUAGE_STANDARD = gnu17;
				GCC_DYNAMIC_NO_PIC = NO;
				GCC_NO_COMMON_BLOCKS = YES;
				GCC_OPTIMIZATION_LEVEL = 0;
				GCC_PREPROCESSOR_DEFINITIONS = (
					"DEBUG=1",
					"$(inherited)",
				);
				GCC_WARN_64_TO_32_BIT_CONVERSION = YES;
				GCC_WARN_ABOUT_RETURN_TYPE = YES_ERROR;
				GCC_WARN_UNDECLARED_SELECTOR = YES;
				GCC_WARN_UNINITIALIZED_AUTOS = YES_AGGRESSIVE;
				GCC_WARN_UNUSED_FUNCTION = YES;
				GCC_WARN_UNUSED_VARIABLE = YES;
				IPHONEOS_DEPLOYMENT_TARGET = 17.2;
				LOCALIZATION_PREFERS_STRING_CATALOGS = YES;
				MTL_ENABLE_DEBUG_INFO = INCLUDE_SOURCE;
				MTL_FAST_MATH = YES;
				ONLY_ACTIVE_ARCH = YES;
				SDKROOT = iphoneos;
				SWIFT_ACTIVE_COMPILATION_CONDITIONS = "DEBUG $(inherited)";
				SWIFT_OPTIMIZATION_LEVEL = "-Onone";
			};
			name = Debug;
		};
		C009BC4C2E14781F00F7AF55 /* Release */ = {
			isa = XCBuildConfiguration;
			buildSettings = {
				ALWAYS_SEARCH_USER_PATHS = NO;
				ASSETCATALOG_COMPILER_GENERATE_SWIFT_ASSET_SYMBOL_EXTENSIONS = YES;
				CLANG_ANALYZER_NONNULL = YES;
				CLANG_ANALYZER_NUMBER_OBJECT_CONVERSION = YES_AGGRESSIVE;
				CLANG_CXX_LANGUAGE_STANDARD = "gnu++20";
				CLANG_ENABLE_MODULES = YES;
				CLANG_ENABLE_OBJC_ARC = YES;
				CLANG_ENABLE_OBJC_WEAK = YES;
				CLANG_WARN_BLOCK_CAPTURE_AUTORELEASING = YES;
				CLANG_WARN_BOOL_CONVERSION = YES;
				CLANG_WARN_COMMA = YES;
				CLANG_WARN_CONSTANT_CONVERSION = YES;
				CLANG_WARN_DEPRECATED_OBJC_IMPLEMENTATIONS = YES;
				CLANG_WARN_DIRECT_OBJC_ISA_USAGE = YES_ERROR;
				CLANG_WARN_DOCUMENTATION_COMMENTS = YES;
				CLANG_WARN_EMPTY_BODY = YES;
				CLANG_WARN_ENUM_CONVERSION = YES;
				CLANG_WARN_INFINITE_RECURSION = YES;
				CLANG_WARN_INT_CONVERSION = YES;
				CLANG_WARN_NON_LITERAL_NULL_CONVERSION = YES;
				CLANG_WARN_OBJC_IMPLICIT_RETAIN_SELF = YES;
				CLANG_WARN_OBJC_LITERAL_CONVERSION = YES;
				CLANG_WARN_OBJC_ROOT_CLASS = YES_ERROR;
				CLANG_WARN_QUOTED_INCLUDE_IN_FRAMEWORK_HEADER = YES;
				CLANG_WARN_RANGE_LOOP_ANALYSIS = YES;
				CLANG_WARN_STRICT_PROTOTYPES = YES;
				CLANG_WARN_SUSPICIOUS_MOVE = YES;
				CLANG_WARN_UNGUARDED_AVAILABILITY = YES_AGGRESSIVE;
				CLANG_WARN_UNREACHABLE_CODE = YES;
				CLANG_WARN__DUPLICATE_METHOD_MATCH = YES;
				COPY_PHASE_STRIP = NO;
				DEBUG_INFORMATION_FORMAT = "dwarf-with-dsym";
				ENABLE_NS_ASSERTIONS = NO;
				ENABLE_STRICT_OBJC_MSGSEND = YES;
				ENABLE_USER_SCRIPT_SANDBOXING = YES;
				GCC_C_LANGUAGE_STANDARD = gnu17;
				GCC_NO_COMMON_BLOCKS = YES;
				GCC_WARN_64_TO_32_BIT_CONVERSION = YES;
				GCC_WARN_ABOUT_RETURN_TYPE = YES_ERROR;
				GCC_WARN_UNDECLARED_SELECTOR = YES;
				GCC_WARN_UNINITIALIZED_AUTOS = YES_AGGRESSIVE;
				GCC_WARN_UNUSED_FUNCTION = YES;
				GCC_WARN_UNUSED_VARIABLE = YES;
				IPHONEOS_DEPLOYMENT_TARGET = 17.2;
				LOCALIZATION_PREFERS_STRING_CATALOGS = YES;
				MTL_ENABLE_DEBUG_INFO = NO;
				MTL_FAST_MATH = YES;
				SDKROOT = iphoneos;
				SWIFT_COMPILATION_MODE = wholemodule;
				VALIDATE_PRODUCT = YES;
			};
			name = Release;
		};
		C009BC4E2E14781F00F7AF55 /* Debug */ = {
			isa = XCBuildConfiguration;
			buildSettings = {
				ASSETCATALOG_COMPILER_APPICON_NAME = AppIcon;
				ASSETCATALOG_COMPILER_GLOBAL_ACCENT_COLOR_NAME = AccentColor;
				CODE_SIGN_STYLE = Automatic;
				CURRENT_PROJECT_VERSION = 1;
				DEVELOPMENT_TEAM = 2F3A9Y3XXN;
				GENERATE_INFOPLIST_FILE = YES;
				INFOPLIST_FILE = Watchlist/Info.plist;
				INFOPLIST_KEY_LSApplicationCategoryType = "public.app-category.entertainment";
				INFOPLIST_KEY_UIApplicationSupportsIndirectInputEvents = YES;
				INFOPLIST_KEY_UILaunchStoryboardName = LaunchScreen;
				INFOPLIST_KEY_UIMainStoryboardFile = Main;
				INFOPLIST_KEY_UISupportedInterfaceOrientations = UIInterfaceOrientationPortrait;
				INFOPLIST_KEY_UISupportedInterfaceOrientations_iPad = "UIInterfaceOrientationLandscapeLeft UIInterfaceOrientationLandscapeRight UIInterfaceOrientationPortrait UIInterfaceOrientationPortraitUpsideDown";
				LD_RUNPATH_SEARCH_PATHS = (
					"$(inherited)",
					"@executable_path/Frameworks",
				);
				MARKETING_VERSION = 1.0;
				PRODUCT_BUNDLE_IDENTIFIER = bg.kaloyandimov.Watchlist;
				PRODUCT_NAME = "$(TARGET_NAME)";
				SWIFT_EMIT_LOC_STRINGS = YES;
				SWIFT_VERSION = 5.0;
				TARGETED_DEVICE_FAMILY = "1,2";
			};
			name = Debug;
		};
		C009BC4F2E14781F00F7AF55 /* Release */ = {
			isa = XCBuildConfiguration;
			buildSettings = {
				ASSETCATALOG_COMPILER_APPICON_NAME = AppIcon;
				ASSETCATALOG_COMPILER_GLOBAL_ACCENT_COLOR_NAME = AccentColor;
				CODE_SIGN_STYLE = Automatic;
				CURRENT_PROJECT_VERSION = 1;
				DEVELOPMENT_TEAM = 2F3A9Y3XXN;
				GENERATE_INFOPLIST_FILE = YES;
				INFOPLIST_FILE = Watchlist/Info.plist;
				INFOPLIST_KEY_LSApplicationCategoryType = "public.app-category.entertainment";
				INFOPLIST_KEY_UIApplicationSupportsIndirectInputEvents = YES;
				INFOPLIST_KEY_UILaunchStoryboardName = LaunchScreen;
				INFOPLIST_KEY_UIMainStoryboardFile = Main;
				INFOPLIST_KEY_UISupportedInterfaceOrientations = UIInterfaceOrientationPortrait;
				INFOPLIST_KEY_UISupportedInterfaceOrientations_iPad = "UIInterfaceOrientationLandscapeLeft UIInterfaceOrientationLandscapeRight UIInterfaceOrientationPortrait UIInterfaceOrientationPortraitUpsideDown";
				LD_RUNPATH_SEARCH_PATHS = (
					"$(inherited)",
					"@executable_path/Frameworks",
				);
				MARKETING_VERSION = 1.0;
				PRODUCT_BUNDLE_IDENTIFIER = bg.kaloyandimov.Watchlist;
				PRODUCT_NAME = "$(TARGET_NAME)";
				SWIFT_EMIT_LOC_STRINGS = YES;
				SWIFT_VERSION = 5.0;
				TARGETED_DEVICE_FAMILY = "1,2";
			};
			name = Release;
		};
/* End XCBuildConfiguration section */

/* Begin XCConfigurationList section */
		C009BC342E14781D00F7AF55 /* Build configuration list for PBXProject "Watchlist" */ = {
			isa = XCConfigurationList;
			buildConfigurations = (
				C009BC4B2E14781F00F7AF55 /* Debug */,
				C009BC4C2E14781F00F7AF55 /* Release */,
			);
			defaultConfigurationIsVisible = 0;
			defaultConfigurationName = Release;
		};
		C009BC4D2E14781F00F7AF55 /* Build configuration list for PBXNativeTarget "Watchlist" */ = {
			isa = XCConfigurationList;
			buildConfigurations = (
				C009BC4E2E14781F00F7AF55 /* Debug */,
				C009BC4F2E14781F00F7AF55 /* Release */,
			);
			defaultConfigurationIsVisible = 0;
			defaultConfigurationName = Release;
		};
/* End XCConfigurationList section */
	};
	rootObject = C009BC312E14781D00F7AF55 /* Project object */;
}
